
Microsoft Visual Studio Solution File, Format Version 12.00
# Visual Studio Version 17
VisualStudioVersion = 17.5.002.0
MinimumVisualStudioVersion = 10.0.40219.1
Project("{2150E333-8FDC-42A3-9474-1A3956D46DE8}") = "sandbox", "sandbox", "{3EA6C097-941B-4AF9-B595-523F6F7D571B}"
EndProject
Project("{9A19103F-16F7-4668-BE54-9A1E7A4F7556}") = "sandbox_project", "sandbox\sandbox_project\sandbox_project.csproj", "{05F69A54-F6AF-4BEB-8B55-E7DC02EF4603}"
EndProject
Project("{2150E333-8FDC-42A3-9474-1A3956D46DE8}") = "week01", "week01", "{25EB62E1-3B0A-41F7-AAD4-608A590371FA}"
EndProject
Project("{9A19103F-16F7-4668-BE54-9A1E7A4F7556}") = "analyze", "week01\analyze\analyze.csproj", "{39BE554B-9F34-4687-B1F2-58BCDC1162FA}"
EndProject
Project("{9A19103F-16F7-4668-BE54-9A1E7A4F7556}") = "code", "week01\code\code.csproj", "{C3ACD0CC-C2D7-42B8-A903-CD9DFE443FF5}"
EndProject
Project("{9A19103F-16F7-4668-BE54-9A1E7A4F7556}") = "teach", "week01\teach\teach.csproj", "{D5472079-6F97-4AD5-BED1-9305E8E895E0}"
EndProject
Project("{2150E333-8FDC-42A3-9474-1A3956D46DE8}") = "week02", "week02", "{FF430918-604B-401D-AE8C-30043DAD553B}"
EndProject
Project("{9A19103F-16F7-4668-BE54-9A1E7A4F7556}") = "analyze", "week02\analyze\analyze.csproj", "{21D78B99-DB9B-4AC1-A462-326F89F11F13}"
EndProject
Project("{9A19103F-16F7-4668-BE54-9A1E7A4F7556}") = "code", "week02\code\code.csproj", "{42252536-55AB-4017-97D3-4BF44F9CE114}"
EndProject
Project("{9A19103F-16F7-4668-BE54-9A1E7A4F7556}") = "learn", "week02\learn\learn.csproj", "{CE0EA1D8-3509-4BB5-8C49-3D4325D76711}"
EndProject
Project("{9A19103F-16F7-4668-BE54-9A1E7A4F7556}") = "teach", "week02\teach\teach.csproj", "{EF2943F5-CFA7-4FC5-B6DC-0240D56CE3F8}"
EndProject
Project("{2150E333-8FDC-42A3-9474-1A3956D46DE8}") = "week03", "week03", "{A388DC02-F529-46B4-9674-D3833272AB94}"
EndProject
Project("{9A19103F-16F7-4668-BE54-9A1E7A4F7556}") = "code", "week03\code\code.csproj", "{EB903C03-1EE6-4FA4-85CE-78A35E6B91B1}"
EndProject
Project("{9A19103F-16F7-4668-BE54-9A1E7A4F7556}") = "learn", "week03\learn\learn.csproj", "{CCA45A84-18FA-44DE-B106-127746070FD1}"
EndProject
Project("{9A19103F-16F7-4668-BE54-9A1E7A4F7556}") = "teach", "week03\teach\teach.csproj", "{F004EB3A-449E-456A-86D9-5547BAEA1570}"
EndProject
Project("{2150E333-8FDC-42A3-9474-1A3956D46DE8}") = "week04", "week04", "{4F656485-5D2F-4E2D-9F14-56C63023ECC3}"
EndProject
Project("{9A19103F-16F7-4668-BE54-9A1E7A4F7556}") = "code", "week04\code\code.csproj", "{79207F97-7130-4677-8DD8-200E3A67D0B7}"
EndProject
Project("{2150E333-8FDC-42A3-9474-1A3956D46DE8}") = "week05", "week05", "{A1D241B5-9C9D-4063-BB23-C4405AE5D0A2}"
EndProject
Project("{9A19103F-16F7-4668-BE54-9A1E7A4F7556}") = "code", "week05\code\code.csproj", "{2034A0F3-BCDD-48CC-A24E-047B853A680A}"
EndProject
Project("{2150E333-8FDC-42A3-9474-1A3956D46DE8}") = "week06", "week06", "{F03C5786-821B-4E6F-8970-1DFA9655E16F}"
EndProject
Project("{9A19103F-16F7-4668-BE54-9A1E7A4F7556}") = "code", "week06\code\code.csproj", "{078FECA2-65B1-483F-858D-082B1EAC3DB4}"
EndProject
Global
	GlobalSection(SolutionConfigurationPlatforms) = preSolution
		Debug|Any CPU = Debug|Any CPU
		Release|Any CPU = Release|Any CPU
	EndGlobalSection
	GlobalSection(ProjectConfigurationPlatforms) = postSolution
		{05F69A54-F6AF-4BEB-8B55-E7DC02EF4603}.Debug|Any CPU.ActiveCfg = Debug|Any CPU
		{05F69A54-F6AF-4BEB-8B55-E7DC02EF4603}.Debug|Any CPU.Build.0 = Debug|Any CPU
		{05F69A54-F6AF-4BEB-8B55-E7DC02EF4603}.Release|Any CPU.ActiveCfg = Release|Any CPU
		{05F69A54-F6AF-4BEB-8B55-E7DC02EF4603}.Release|Any CPU.Build.0 = Release|Any CPU
		{39BE554B-9F34-4687-B1F2-58BCDC1162FA}.Debug|Any CPU.ActiveCfg = Debug|Any CPU
		{39BE554B-9F34-4687-B1F2-58BCDC1162FA}.Debug|Any CPU.Build.0 = Debug|Any CPU
		{39BE554B-9F34-4687-B1F2-58BCDC1162FA}.Release|Any CPU.ActiveCfg = Release|Any CPU
		{39BE554B-9F34-4687-B1F2-58BCDC1162FA}.Release|Any CPU.Build.0 = Release|Any CPU
		{C3ACD0CC-C2D7-42B8-A903-CD9DFE443FF5}.Debug|Any CPU.ActiveCfg = Debug|Any CPU
		{C3ACD0CC-C2D7-42B8-A903-CD9DFE443FF5}.Debug|Any CPU.Build.0 = Debug|Any CPU
		{C3ACD0CC-C2D7-42B8-A903-CD9DFE443FF5}.Release|Any CPU.ActiveCfg = Release|Any CPU
		{C3ACD0CC-C2D7-42B8-A903-CD9DFE443FF5}.Release|Any CPU.Build.0 = Release|Any CPU
		{D5472079-6F97-4AD5-BED1-9305E8E895E0}.Debug|Any CPU.ActiveCfg = Debug|Any CPU
		{D5472079-6F97-4AD5-BED1-9305E8E895E0}.Debug|Any CPU.Build.0 = Debug|Any CPU
		{D5472079-6F97-4AD5-BED1-9305E8E895E0}.Release|Any CPU.ActiveCfg = Release|Any CPU
		{D5472079-6F97-4AD5-BED1-9305E8E895E0}.Release|Any CPU.Build.0 = Release|Any CPU
		{21D78B99-DB9B-4AC1-A462-326F89F11F13}.Debug|Any CPU.ActiveCfg = Debug|Any CPU
		{21D78B99-DB9B-4AC1-A462-326F89F11F13}.Debug|Any CPU.Build.0 = Debug|Any CPU
		{21D78B99-DB9B-4AC1-A462-326F89F11F13}.Release|Any CPU.ActiveCfg = Release|Any CPU
		{21D78B99-DB9B-4AC1-A462-326F89F11F13}.Release|Any CPU.Build.0 = Release|Any CPU
		{42252536-55AB-4017-97D3-4BF44F9CE114}.Debug|Any CPU.ActiveCfg = Debug|Any CPU
		{42252536-55AB-4017-97D3-4BF44F9CE114}.Debug|Any CPU.Build.0 = Debug|Any CPU
		{42252536-55AB-4017-97D3-4BF44F9CE114}.Release|Any CPU.ActiveCfg = Release|Any CPU
		{42252536-55AB-4017-97D3-4BF44F9CE114}.Release|Any CPU.Build.0 = Release|Any CPU
		{CE0EA1D8-3509-4BB5-8C49-3D4325D76711}.Debug|Any CPU.ActiveCfg = Debug|Any CPU
		{CE0EA1D8-3509-4BB5-8C49-3D4325D76711}.Debug|Any CPU.Build.0 = Debug|Any CPU
		{CE0EA1D8-3509-4BB5-8C49-3D4325D76711}.Release|Any CPU.ActiveCfg = Release|Any CPU
		{CE0EA1D8-3509-4BB5-8C49-3D4325D76711}.Release|Any CPU.Build.0 = Release|Any CPU
		{EF2943F5-CFA7-4FC5-B6DC-0240D56CE3F8}.Debug|Any CPU.ActiveCfg = Debug|Any CPU
		{EF2943F5-CFA7-4FC5-B6DC-0240D56CE3F8}.Debug|Any CPU.Build.0 = Debug|Any CPU
		{EF2943F5-CFA7-4FC5-B6DC-0240D56CE3F8}.Release|Any CPU.ActiveCfg = Release|Any CPU
		{EF2943F5-CFA7-4FC5-B6DC-0240D56CE3F8}.Release|Any CPU.Build.0 = Release|Any CPU
		{EB903C03-1EE6-4FA4-85CE-78A35E6B91B1}.Debug|Any CPU.ActiveCfg = Debug|Any CPU
		{EB903C03-1EE6-4FA4-85CE-78A35E6B91B1}.Debug|Any CPU.Build.0 = Debug|Any CPU
		{EB903C03-1EE6-4FA4-85CE-78A35E6B91B1}.Release|Any CPU.ActiveCfg = Release|Any CPU
		{EB903C03-1EE6-4FA4-85CE-78A35E6B91B1}.Release|Any CPU.Build.0 = Release|Any CPU
		{CCA45A84-18FA-44DE-B106-127746070FD1}.Debug|Any CPU.ActiveCfg = Debug|Any CPU
		{CCA45A84-18FA-44DE-B106-127746070FD1}.Debug|Any CPU.Build.0 = Debug|Any CPU
		{CCA45A84-18FA-44DE-B106-127746070FD1}.Release|Any CPU.ActiveCfg = Release|Any CPU
		{CCA45A84-18FA-44DE-B106-127746070FD1}.Release|Any CPU.Build.0 = Release|Any CPU
		{F004EB3A-449E-456A-86D9-5547BAEA1570}.Debug|Any CPU.ActiveCfg = Debug|Any CPU
		{F004EB3A-449E-456A-86D9-5547BAEA1570}.Debug|Any CPU.Build.0 = Debug|Any CPU
		{F004EB3A-449E-456A-86D9-5547BAEA1570}.Release|Any CPU.ActiveCfg = Release|Any CPU
		{F004EB3A-449E-456A-86D9-5547BAEA1570}.Release|Any CPU.Build.0 = Release|Any CPU
		{79207F97-7130-4677-8DD8-200E3A67D0B7}.Debug|Any CPU.ActiveCfg = Debug|Any CPU
		{79207F97-7130-4677-8DD8-200E3A67D0B7}.Debug|Any CPU.Build.0 = Debug|Any CPU
		{79207F97-7130-4677-8DD8-200E3A67D0B7}.Release|Any CPU.ActiveCfg = Release|Any CPU
		{79207F97-7130-4677-8DD8-200E3A67D0B7}.Release|Any CPU.Build.0 = Release|Any CPU
		{2034A0F3-BCDD-48CC-A24E-047B853A680A}.Debug|Any CPU.ActiveCfg = Debug|Any CPU
		{2034A0F3-BCDD-48CC-A24E-047B853A680A}.Debug|Any CPU.Build.0 = Debug|Any CPU
		{2034A0F3-BCDD-48CC-A24E-047B853A680A}.Release|Any CPU.ActiveCfg = Release|Any CPU
		{2034A0F3-BCDD-48CC-A24E-047B853A680A}.Release|Any CPU.Build.0 = Release|Any CPU
		{078FECA2-65B1-483F-858D-082B1EAC3DB4}.Debug|Any CPU.ActiveCfg = Debug|Any CPU
		{078FECA2-65B1-483F-858D-082B1EAC3DB4}.Debug|Any CPU.Build.0 = Debug|Any CPU
		{078FECA2-65B1-483F-858D-082B1EAC3DB4}.Release|Any CPU.ActiveCfg = Release|Any CPU
		{078FECA2-65B1-483F-858D-082B1EAC3DB4}.Release|Any CPU.Build.0 = Release|Any CPU
	EndGlobalSection
	GlobalSection(SolutionProperties) = preSolution
		HideSolutionNode = FALSE
	EndGlobalSection
	GlobalSection(NestedProjects) = preSolution
		{05F69A54-F6AF-4BEB-8B55-E7DC02EF4603} = {3EA6C097-941B-4AF9-B595-523F6F7D571B}
		{39BE554B-9F34-4687-B1F2-58BCDC1162FA} = {25EB62E1-3B0A-41F7-AAD4-608A590371FA}
		{C3ACD0CC-C2D7-42B8-A903-CD9DFE443FF5} = {25EB62E1-3B0A-41F7-AAD4-608A590371FA}
		{D5472079-6F97-4AD5-BED1-9305E8E895E0} = {25EB62E1-3B0A-41F7-AAD4-608A590371FA}
		{21D78B99-DB9B-4AC1-A462-326F89F11F13} = {FF430918-604B-401D-AE8C-30043DAD553B}
		{42252536-55AB-4017-97D3-4BF44F9CE114} = {FF430918-604B-401D-AE8C-30043DAD553B}
		{CE0EA1D8-3509-4BB5-8C49-3D4325D76711} = {FF430918-604B-401D-AE8C-30043DAD553B}
		{EF2943F5-CFA7-4FC5-B6DC-0240D56CE3F8} = {FF430918-604B-401D-AE8C-30043DAD553B}
		{EB903C03-1EE6-4FA4-85CE-78A35E6B91B1} = {A388DC02-F529-46B4-9674-D3833272AB94}
		{CCA45A84-18FA-44DE-B106-127746070FD1} = {A388DC02-F529-46B4-9674-D3833272AB94}
		{F004EB3A-449E-456A-86D9-5547BAEA1570} = {A388DC02-F529-46B4-9674-D3833272AB94}
		{79207F97-7130-4677-8DD8-200E3A67D0B7} = {4F656485-5D2F-4E2D-9F14-56C63023ECC3}
		{2034A0F3-BCDD-48CC-A24E-047B853A680A} = {A1D241B5-9C9D-4063-BB23-C4405AE5D0A2}
		{078FECA2-65B1-483F-858D-082B1EAC3DB4} = {F03C5786-821B-4E6F-8970-1DFA9655E16F}
	EndGlobalSection
	GlobalSection(ExtensibilityGlobals) = postSolution
		SolutionGuid = {5B4965A0-F5F1-4C4B-853A-B653A83D0496}
	EndGlobalSection
EndGlobal
